
Microsoft Visual Studio Solution File, Format Version 12.00
# Visual Studio Version 17
VisualStudioVersion = 17.3.32825.248
MinimumVisualStudioVersion = 10.0.40219.1
Project("{FAE04EC0-301F-11D3-BF4B-00C04F79EFBC}") = "PrimeiraAPI", "PrimeiraAPI.csproj", "{B4CFB12D-9DCD-4B5F-B47D-CD2A0172ADF2}"
EndProject
Global
	GlobalSection(SolutionConfigurationPlatforms) = preSolution
		Debug|Any CPU = Debug|Any CPU
		Release|Any CPU = Release|Any CPU
	EndGlobalSection
	GlobalSection(ProjectConfigurationPlatforms) = postSolution
		{B4CFB12D-9DCD-4B5F-B47D-CD2A0172ADF2}.Debug|Any CPU.ActiveCfg = Debug|Any CPU
		{B4CFB12D-9DCD-4B5F-B47D-CD2A0172ADF2}.Debug|Any CPU.Build.0 = Debug|Any CPU
		{B4CFB12D-9DCD-4B5F-B47D-CD2A0172ADF2}.Release|Any CPU.ActiveCfg = Release|Any CPU
		{B4CFB12D-9DCD-4B5F-B47D-CD2A0172ADF2}.Release|Any CPU.Build.0 = Release|Any CPU
	EndGlobalSection
	GlobalSection(SolutionProperties) = preSolution
		HideSolutionNode = FALSE
	EndGlobalSection
	GlobalSection(ExtensibilityGlobals) = postSolution
		SolutionGuid = {DB1FC46F-DC25-4F75-BEAE-68FE053D56F1}
	EndGlobalSection
EndGlobal
